
Microsoft Visual Studio Solution File, Format Version 11.00
# Visual Studio 2010
Project("{FAE04EC0-301F-11D3-BF4B-00C04F79EFBC}") = "Assembly-CSharp", "Assembly-CSharp.csproj", "{355B5E1A-019D-9624-54BE-9397D2797F63}"
EndProject
Project("{FAE04EC0-301F-11D3-BF4B-00C04F79EFBC}") = "Assembly-CSharp-Editor", "Assembly-CSharp-Editor.csproj", "{59C28D9D-C2B0-1FCB-9310-14EBF96FB98B}"
EndProject
Global
	GlobalSection(SolutionConfigurationPlatforms) = preSolution
		Debug|Any CPU = Debug|Any CPU
		Release|Any CPU = Release|Any CPU
	EndGlobalSection
	GlobalSection(ProjectConfigurationPlatforms) = postSolution
		{355B5E1A-019D-9624-54BE-9397D2797F63}.Debug|Any CPU.ActiveCfg = Debug|Any CPU
		{355B5E1A-019D-9624-54BE-9397D2797F63}.Debug|Any CPU.Build.0 = Debug|Any CPU
		{355B5E1A-019D-9624-54BE-9397D2797F63}.Release|Any CPU.ActiveCfg = Release|Any CPU
		{355B5E1A-019D-9624-54BE-9397D2797F63}.Release|Any CPU.Build.0 = Release|Any CPU
		{59C28D9D-C2B0-1FCB-9310-14EBF96FB98B}.Debug|Any CPU.ActiveCfg = Debug|Any CPU
		{59C28D9D-C2B0-1FCB-9310-14EBF96FB98B}.Debug|Any CPU.Build.0 = Debug|Any CPU
		{59C28D9D-C2B0-1FCB-9310-14EBF96FB98B}.Release|Any CPU.ActiveCfg = Release|Any CPU
		{59C28D9D-C2B0-1FCB-9310-14EBF96FB98B}.Release|Any CPU.Build.0 = Release|Any CPU
	EndGlobalSection
	GlobalSection(SolutionProperties) = preSolution
		HideSolutionNode = FALSE
	EndGlobalSection
EndGlobal
